{
  "version": 4,
  "terraform_version": "1.6.2",
  "serial": 45,
  "lineage": "4527866d-3907-74e5-ca67-2f186d4ee83b",
  "outputs": {},
  "resources": [
    {
      "mode": "managed",
      "type": "aws_iam_policy",
      "name": "my_2_policy",
      "provider": "provider[\"registry.terraform.io/hashicorp/aws\"]",
      "instances": [
        {
          "schema_version": 0,
          "attributes": {
            "arn": "arn:aws:iam::129919981991:policy/user_EC2",
            "description": "Gives access to EC2instance",
            "id": "arn:aws:iam::129919981991:policy/user_EC2",
            "name": "user_EC2",
            "name_prefix": "",
            "path": "/",
            "policy": "{\"Statement\":[{\"Action\":\"*\",\"Effect\":\"Allow\",\"Resource\":\"*\"}],\"Version\":\"2012-10-17\"}",
            "policy_id": "ANPAR4P6VTGTVYCITEOI5",
            "tags": {},
            "tags_all": {}
          },
          "sensitive_attributes": [],
          "private": "bnVsbA=="
        }
      ]
    },
    {
      "mode": "managed",
      "type": "aws_iam_policy",
      "name": "user_revoke_policy",
      "provider": "provider[\"registry.terraform.io/hashicorp/aws\"]",
      "instances": [
        {
          "schema_version": 0,
          "attributes": {
            "arn": "arn:aws:iam::129919981991:policy/user-revoke-policy",
            "description": "",
            "id": "arn:aws:iam::129919981991:policy/user-revoke-policy",
            "name": "user-revoke-policy",
            "name_prefix": "",
            "path": "/",
            "policy": "{\"Statement\":[{\"Action\":[\"*\"],\"Effect\":\"Deny\",\"Resource\":\"*\"}],\"Version\":\"2012-10-17\"}",
            "policy_id": "ANPAR4P6VTGTSSAYI3HEV",
            "tags": {},
            "tags_all": {}
          },
          "sensitive_attributes": [],
          "private": "bnVsbA=="
        }
      ]
    },
    {
      "mode": "managed",
      "type": "aws_iam_user",
      "name": "my_user",
      "provider": "provider[\"registry.terraform.io/hashicorp/aws\"]",
      "instances": [
        {
          "schema_version": 0,
          "attributes": {
            "arn": "arn:aws:iam::129919981991:user/RutvikD",
            "force_destroy": false,
            "id": "RutvikD",
            "name": "RutvikD",
            "path": "/",
            "permissions_boundary": null,
            "tags": {},
            "tags_all": {},
            "unique_id": "AIDAR4P6VTGTX2F6ZTX7X"
          },
          "sensitive_attributes": [],
          "private": "bnVsbA=="
        }
      ]
    },
    {
      "mode": "managed",
      "type": "aws_iam_user",
      "name": "my_user_2",
      "provider": "provider[\"registry.terraform.io/hashicorp/aws\"]",
      "instances": [
        {
          "schema_version": 0,
          "attributes": {
            "arn": "arn:aws:iam::129919981991:user/DabhiR",
            "force_destroy": false,
            "id": "DabhiR",
            "name": "DabhiR",
            "path": "/",
            "permissions_boundary": null,
            "tags": {},
            "tags_all": {},
            "unique_id": "AIDAR4P6VTGT6U2TSLRNG"
          },
          "sensitive_attributes": [],
          "private": "bnVsbA=="
        }
      ]
    },
    {
      "mode": "managed",
      "type": "aws_iam_user_policy_attachment",
      "name": "my_user_delete",
      "provider": "provider[\"registry.terraform.io/hashicorp/aws\"]",
      "instances": [
        {
          "schema_version": 0,
          "attributes": {
            "id": "RutvikD-20231026040655950200000001",
            "policy_arn": "arn:aws:iam::aws:policy/AmazonS3FullAccess",
            "user": "RutvikD"
          },
          "sensitive_attributes": [],
          "private": "bnVsbA==",
          "dependencies": [
            "aws_iam_user.my_user"
          ]
        }
      ]
    },
    {
      "mode": "managed",
      "type": "aws_iam_user_policy_attachment",
      "name": "my_user_policy",
      "provider": "provider[\"registry.terraform.io/hashicorp/aws\"]",
      "instances": [
        {
          "schema_version": 0,
          "attributes": {
            "id": "RutvikD-20231026031501705200000001",
            "policy_arn": "arn:aws:iam::aws:policy/AmazonS3FullAccess",
            "user": "RutvikD"
          },
          "sensitive_attributes": [],
          "private": "bnVsbA==",
          "dependencies": [
            "aws_iam_user.my_user"
          ]
        }
      ]
    },
    {
      "mode": "managed",
      "type": "aws_iam_user_policy_attachment",
      "name": "my_user_revoke_policy",
      "provider": "provider[\"registry.terraform.io/hashicorp/aws\"]",
      "instances": [
        {
          "schema_version": 0,
          "attributes": {
            "id": "RutvikD-20231026040015183200000002",
            "policy_arn": "arn:aws:iam::129919981991:policy/user-revoke-policy",
            "user": "RutvikD"
          },
          "sensitive_attributes": [],
          "private": "bnVsbA==",
          "dependencies": [
            "aws_iam_policy.user_revoke_policy",
            "aws_iam_user.my_user"
          ]
        }
      ]
    },
    {
      "mode": "managed",
      "type": "aws_iam_user_policy_attachment",
      "name": "user_EC2_attachment",
      "provider": "provider[\"registry.terraform.io/hashicorp/aws\"]",
      "instances": [
        {
          "schema_version": 0,
          "attributes": {
            "id": "DabhiR-20231026043319463200000001",
            "policy_arn": "arn:aws:iam::129919981991:policy/user_EC2",
            "user": "DabhiR"
          },
          "sensitive_attributes": [],
          "private": "bnVsbA==",
          "dependencies": [
            "aws_iam_user.my_user_2"
          ]
        }
      ]
    },
    {
      "mode": "managed",
      "type": "null_resource",
      "name": "delete_user",
      "provider": "provider[\"registry.terraform.io/hashicorp/null\"]",
      "instances": [
        {
          "schema_version": 0,
          "attributes": {
            "id": "6223922804050796433",
            "triggers": {
              "user_name": "RutvikD"
            }
          },
          "sensitive_attributes": [],
          "dependencies": [
            "aws_iam_user.my_user"
          ]
        }
      ]
    },
    {
      "mode": "managed",
      "type": "null_resource",
      "name": "delete_user_2",
      "provider": "provider[\"registry.terraform.io/hashicorp/null\"]",
      "instances": [
        {
          "schema_version": 0,
          "attributes": {
            "id": "4598118633419507632",
            "triggers": {
              "user_name": "DabhiR"
            }
          },
          "sensitive_attributes": [],
          "dependencies": [
            "aws_iam_user.my_user_2"
          ]
        }
      ]
    }
  ],
  "check_results": null
}
